
Microsoft Visual Studio Solution File, Format Version 12.00
# Visual Studio Version 17
VisualStudioVersion = 17.11.35327.3
MinimumVisualStudioVersion = 10.0.40219.1
Project("{FAE04EC0-301F-11D3-BF4B-00C04F79EFBC}") = "Biometria_Zad_1_Kamila_Szymanowska", "Biometria_Zad_1_Kamila_Szymanowska.csproj", "{D5E91945-FB86-46A5-90D5-C2BEF6E58862}"
EndProject
Global
	GlobalSection(SolutionConfigurationPlatforms) = preSolution
		Debug|Any CPU = Debug|Any CPU
		Release|Any CPU = Release|Any CPU
	EndGlobalSection
	GlobalSection(ProjectConfigurationPlatforms) = postSolution
		{D5E91945-FB86-46A5-90D5-C2BEF6E58862}.Debug|Any CPU.ActiveCfg = Debug|Any CPU
		{D5E91945-FB86-46A5-90D5-C2BEF6E58862}.Debug|Any CPU.Build.0 = Debug|Any CPU
		{D5E91945-FB86-46A5-90D5-C2BEF6E58862}.Release|Any CPU.ActiveCfg = Release|Any CPU
		{D5E91945-FB86-46A5-90D5-C2BEF6E58862}.Release|Any CPU.Build.0 = Release|Any CPU
	EndGlobalSection
	GlobalSection(SolutionProperties) = preSolution
		HideSolutionNode = FALSE
	EndGlobalSection
	GlobalSection(ExtensibilityGlobals) = postSolution
		SolutionGuid = {FC8E5812-0BFF-496A-B7AE-1D96E8BCF343}
	EndGlobalSection
EndGlobal
